
Microsoft Visual Studio Solution File, Format Version 12.00
# Visual Studio Version 17
VisualStudioVersion = 17.14.37012.4 d17.14
MinimumVisualStudioVersion = 10.0.40219.1
Project("{FAE04EC0-301F-11D3-BF4B-00C04F79EFBC}") = "BatailleNavale", "BatailleNavale\BatailleNavale.csproj", "{A8444827-1C40-4CA5-AFE1-04EAFE10A975}"
EndProject
Global
	GlobalSection(SolutionConfigurationPlatforms) = preSolution
		Debug|Any CPU = Debug|Any CPU
		Release|Any CPU = Release|Any CPU
	EndGlobalSection
	GlobalSection(ProjectConfigurationPlatforms) = postSolution
		{A8444827-1C40-4CA5-AFE1-04EAFE10A975}.Debug|Any CPU.ActiveCfg = Debug|Any CPU
		{A8444827-1C40-4CA5-AFE1-04EAFE10A975}.Debug|Any CPU.Build.0 = Debug|Any CPU
		{A8444827-1C40-4CA5-AFE1-04EAFE10A975}.Release|Any CPU.ActiveCfg = Release|Any CPU
		{A8444827-1C40-4CA5-AFE1-04EAFE10A975}.Release|Any CPU.Build.0 = Release|Any CPU
	EndGlobalSection
	GlobalSection(SolutionProperties) = preSolution
		HideSolutionNode = FALSE
	EndGlobalSection
	GlobalSection(ExtensibilityGlobals) = postSolution
		SolutionGuid = {FDCDEE1D-92D2-4A01-B84B-4D8990470E8F}
	EndGlobalSection
EndGlobal
